<?xml version="1.0" encoding="UTF-8"?>
<Scheme
   LastUpgradeVersion = "0720"
   version = "1.3">
   <BuildAction
      parallelizeBuildables = "YES"
      buildImplicitDependencies = "YES">
      <BuildActionEntries>
         <BuildActionEntry
            buildForTesting = "YES"
            buildForRunning = "YES"
            buildForProfiling = "YES"
            buildForArchiving = "YES"
            buildForAnalyzing = "YES">
            <BuildableReference
               BuildableIdentifier = "primary"
               BlueprintIdentifier = "18F09BF11C9BA96B00D94639"
               BuildableName = "&#x5fae;&#x4fe1;&#x76f8;&#x518c;&#x62fe;&#x53d6;&#x5668;.app"
               BlueprintName = "&#x5fae;&#x4fe1;&#x76f8;&#x518c;&#x62fe;&#x53d6;&#x5668;"
               ReferencedContainer = "container:&#x5fae;&#x4fe1;&#x76f8;&#x518c;&#x62fe;&#x53d6;&#x5668;.xcodeproj">
            </BuildableReference>
         </BuildActionEntry>
      </BuildActionEntries>
   </BuildAction>
   <TestAction
      buildConfiguration = "Debug"
      selectedDebuggerIdentifier = "Xcode.DebuggerFoundation.Debugger.LLDB"
      selectedLauncherIdentifier = "Xcode.DebuggerFoundation.Launcher.LLDB"
      shouldUseLaunchSchemeArgsEnv = "YES">
      <Testables>
      </Testables>
      <MacroExpansion>
         <BuildableReference
            BuildableIdentifier = "primary"
            BlueprintIdentifier = "18F09BF11C9BA96B00D94639"
            BuildableName = "&#x5fae;&#x4fe1;&#x76f8;&#x518c;&#x62fe;&#x53d6;&#x5668;.app"
            BlueprintName = "&#x5fae;&#x4fe1;&#x76f8;&#x518c;&#x62fe;&#x53d6;&#x5668;"
            ReferencedContainer = "container:&#x5fae;&#x4fe1;&#x76f8;&#x518c;&#x62fe;&#x53d6;&#x5668;.xcodeproj">
         </BuildableReference>
      </MacroExpansion>
      <AdditionalOptions>
      </AdditionalOptions>
   </TestAction>
   <LaunchAction
      buildConfiguration = "Debug"
      selectedDebuggerIdentifier = "Xcode.DebuggerFoundation.Debugger.LLDB"
      selectedLauncherIdentifier = "Xcode.DebuggerFoundation.Launcher.LLDB"
      launchStyle = "0"
      useCustomWorkingDirectory = "NO"
      ignoresPersistentStateOnLaunch = "NO"
      debugDocumentVersioning = "YES"
      debugServiceExtension = "internal"
      allowLocationSimulation = "YES">
      <BuildableProductRunnable
         runnableDebuggingMode = "0">
         <BuildableReference
            BuildableIdentifier = "primary"
            BlueprintIdentifier = "18F09BF11C9BA96B00D94639"
            BuildableName = "&#x5fae;&#x4fe1;&#x76f8;&#x518c;&#x62fe;&#x53d6;&#x5668;.app"
            BlueprintName = "&#x5fae;&#x4fe1;&#x76f8;&#x518c;&#x62fe;&#x53d6;&#x5668;"
            ReferencedContainer = "container:&#x5fae;&#x4fe1;&#x76f8;&#x518c;&#x62fe;&#x53d6;&#x5668;.xcodeproj">
         </BuildableReference>
      </BuildableProductRunnable>
      <AdditionalOptions>
      </AdditionalOptions>
   </LaunchAction>
   <ProfileAction
      buildConfiguration = "Release"
      shouldUseLaunchSchemeArgsEnv = "YES"
      savedToolIdentifier = ""
      useCustomWorkingDirectory = "NO"
      debugDocumentVersioning = "YES">
      <BuildableProductRunnable
         runnableDebuggingMode = "0">
         <BuildableReference
            BuildableIdentifier = "primary"
            BlueprintIdentifier = "18F09BF11C9BA96B00D94639"
            BuildableName = "&#x5fae;&#x4fe1;&#x76f8;&#x518c;&#x62fe;&#x53d6;&#x5668;.app"
            BlueprintName = "&#x5fae;&#x4fe1;&#x76f8;&#x518c;&#x62fe;&#x53d6;&#x5668;"
            ReferencedContainer = "container:&#x5fae;&#x4fe1;&#x76f8;&#x518c;&#x62fe;&#x53d6;&#x5668;.xcodeproj">
         </BuildableReference>
      </BuildableProductRunnable>
   </ProfileAction>
   <AnalyzeAction
      buildConfiguration = "Debug">
   </AnalyzeAction>
   <ArchiveAction
      buildConfiguration = "Release"
      revealArchiveInOrganizer = "YES">
   </ArchiveAction>
</Scheme>
